
Microsoft Visual Studio Solution File, Format Version 12.00
# Visual Studio Version 16
VisualStudioVersion = 16.0.30104.148
MinimumVisualStudioVersion = 10.0.40219.1
Project("{FAE04EC0-301F-11D3-BF4B-00C04F79EFBC}") = "PROYECTO_JOSE", "PROYECTO_JOSE\PROYECTO_JOSE.csproj", "{ED47C92B-E017-490D-8B07-B79D1DFCCE61}"
EndProject
Global
	GlobalSection(SolutionConfigurationPlatforms) = preSolution
		Debug|Any CPU = Debug|Any CPU
		Release|Any CPU = Release|Any CPU
	EndGlobalSection
	GlobalSection(ProjectConfigurationPlatforms) = postSolution
		{ED47C92B-E017-490D-8B07-B79D1DFCCE61}.Debug|Any CPU.ActiveCfg = Debug|Any CPU
		{ED47C92B-E017-490D-8B07-B79D1DFCCE61}.Debug|Any CPU.Build.0 = Debug|Any CPU
		{ED47C92B-E017-490D-8B07-B79D1DFCCE61}.Release|Any CPU.ActiveCfg = Release|Any CPU
		{ED47C92B-E017-490D-8B07-B79D1DFCCE61}.Release|Any CPU.Build.0 = Release|Any CPU
	EndGlobalSection
	GlobalSection(SolutionProperties) = preSolution
		HideSolutionNode = FALSE
	EndGlobalSection
	GlobalSection(ExtensibilityGlobals) = postSolution
		SolutionGuid = {B52B13CE-B3C4-49BD-B3EE-525671D5B8B3}
	EndGlobalSection
EndGlobal
